
Microsoft Visual Studio Solution File, Format Version 12.00
# Visual Studio Version 17
VisualStudioVersion = 17.0.31903.59
MinimumVisualStudioVersion = 10.0.40219.1
Project("{2150E333-8FDC-42A3-9474-1A3956D46DE8}") = "src", "src", "{1DF7CF72-EBDA-4F49-8A03-46F71606042D}"
EndProject
Project("{FAE04EC0-301F-11D3-BF4B-00C04F79EFBC}") = "Wms.Api", "src\Wms.Api\Wms.Api.csproj", "{DA382F48-CF12-45C0-8E0D-29DC03A5073D}"
EndProject
Project("{FAE04EC0-301F-11D3-BF4B-00C04F79EFBC}") = "Wms.Domain", "src\Wms.Domain\Wms.Domain.csproj", "{B41D2EC8-2BD2-4321-8104-109E7E944A8E}"
EndProject
Project("{FAE04EC0-301F-11D3-BF4B-00C04F79EFBC}") = "Wms.Application", "src\Wms.Application\Wms.Application.csproj", "{8784EEE0-5E1B-456B-9969-0F9A051D157B}"
EndProject
Project("{FAE04EC0-301F-11D3-BF4B-00C04F79EFBC}") = "Wms.Infrastructure", "src\Wms.Infrastructure\Wms.Infrastructure.csproj", "{DA506729-8C35-4A69-870F-38AB48568ECE}"
EndProject
Project("{FAE04EC0-301F-11D3-BF4B-00C04F79EFBC}") = "Wms.Contracts", "src\Wms.Contracts\Wms.Contracts.csproj", "{A225F374-E035-428A-BE04-4F7A4B5CCE5F}"
EndProject
Project("{FAE04EC0-301F-11D3-BF4B-00C04F79EFBC}") = "Wms.Common", "src\Wms.Common\Wms.Common.csproj", "{DA8CF272-B7D3-43EC-8C03-C5D222EB802C}"
EndProject
Project("{2150E333-8FDC-42A3-9474-1A3956D46DE8}") = "tests", "tests", "{1F95B569-28EF-471A-AF29-B517B42EDE45}"
EndProject
Project("{FAE04EC0-301F-11D3-BF4B-00C04F79EFBC}") = "Wms.Domain.Tests", "tests\Wms.Domain.Tests\Wms.Domain.Tests.csproj", "{08B5A803-CF23-4EFC-B0AD-504197B0A8EB}"
EndProject
Project("{FAE04EC0-301F-11D3-BF4B-00C04F79EFBC}") = "Wms.Application.Tests", "tests\Wms.Application.Tests\Wms.Application.Tests.csproj", "{517F4910-1C8A-4554-8524-7A565B5CB811}"
EndProject
Global
	GlobalSection(SolutionConfigurationPlatforms) = preSolution
		Debug|Any CPU = Debug|Any CPU
		Release|Any CPU = Release|Any CPU
	EndGlobalSection
	GlobalSection(SolutionProperties) = preSolution
		HideSolutionNode = FALSE
	EndGlobalSection
	GlobalSection(ProjectConfigurationPlatforms) = postSolution
		{DA382F48-CF12-45C0-8E0D-29DC03A5073D}.Debug|Any CPU.ActiveCfg = Debug|Any CPU
		{DA382F48-CF12-45C0-8E0D-29DC03A5073D}.Debug|Any CPU.Build.0 = Debug|Any CPU
		{DA382F48-CF12-45C0-8E0D-29DC03A5073D}.Release|Any CPU.ActiveCfg = Release|Any CPU
		{DA382F48-CF12-45C0-8E0D-29DC03A5073D}.Release|Any CPU.Build.0 = Release|Any CPU
		{B41D2EC8-2BD2-4321-8104-109E7E944A8E}.Debug|Any CPU.ActiveCfg = Debug|Any CPU
		{B41D2EC8-2BD2-4321-8104-109E7E944A8E}.Debug|Any CPU.Build.0 = Debug|Any CPU
		{B41D2EC8-2BD2-4321-8104-109E7E944A8E}.Release|Any CPU.ActiveCfg = Release|Any CPU
		{B41D2EC8-2BD2-4321-8104-109E7E944A8E}.Release|Any CPU.Build.0 = Release|Any CPU
		{8784EEE0-5E1B-456B-9969-0F9A051D157B}.Debug|Any CPU.ActiveCfg = Debug|Any CPU
		{8784EEE0-5E1B-456B-9969-0F9A051D157B}.Debug|Any CPU.Build.0 = Debug|Any CPU
		{8784EEE0-5E1B-456B-9969-0F9A051D157B}.Release|Any CPU.ActiveCfg = Release|Any CPU
		{8784EEE0-5E1B-456B-9969-0F9A051D157B}.Release|Any CPU.Build.0 = Release|Any CPU
		{DA506729-8C35-4A69-870F-38AB48568ECE}.Debug|Any CPU.ActiveCfg = Debug|Any CPU
		{DA506729-8C35-4A69-870F-38AB48568ECE}.Debug|Any CPU.Build.0 = Debug|Any CPU
		{DA506729-8C35-4A69-870F-38AB48568ECE}.Release|Any CPU.ActiveCfg = Release|Any CPU
		{DA506729-8C35-4A69-870F-38AB48568ECE}.Release|Any CPU.Build.0 = Release|Any CPU
		{A225F374-E035-428A-BE04-4F7A4B5CCE5F}.Debug|Any CPU.ActiveCfg = Debug|Any CPU
		{A225F374-E035-428A-BE04-4F7A4B5CCE5F}.Debug|Any CPU.Build.0 = Debug|Any CPU
		{A225F374-E035-428A-BE04-4F7A4B5CCE5F}.Release|Any CPU.ActiveCfg = Release|Any CPU
		{A225F374-E035-428A-BE04-4F7A4B5CCE5F}.Release|Any CPU.Build.0 = Release|Any CPU
		{DA8CF272-B7D3-43EC-8C03-C5D222EB802C}.Debug|Any CPU.ActiveCfg = Debug|Any CPU
		{DA8CF272-B7D3-43EC-8C03-C5D222EB802C}.Debug|Any CPU.Build.0 = Debug|Any CPU
		{DA8CF272-B7D3-43EC-8C03-C5D222EB802C}.Release|Any CPU.ActiveCfg = Release|Any CPU
		{DA8CF272-B7D3-43EC-8C03-C5D222EB802C}.Release|Any CPU.Build.0 = Release|Any CPU
		{08B5A803-CF23-4EFC-B0AD-504197B0A8EB}.Debug|Any CPU.ActiveCfg = Debug|Any CPU
		{08B5A803-CF23-4EFC-B0AD-504197B0A8EB}.Debug|Any CPU.Build.0 = Debug|Any CPU
		{08B5A803-CF23-4EFC-B0AD-504197B0A8EB}.Release|Any CPU.ActiveCfg = Release|Any CPU
		{08B5A803-CF23-4EFC-B0AD-504197B0A8EB}.Release|Any CPU.Build.0 = Release|Any CPU
		{517F4910-1C8A-4554-8524-7A565B5CB811}.Debug|Any CPU.ActiveCfg = Debug|Any CPU
		{517F4910-1C8A-4554-8524-7A565B5CB811}.Debug|Any CPU.Build.0 = Debug|Any CPU
		{517F4910-1C8A-4554-8524-7A565B5CB811}.Release|Any CPU.ActiveCfg = Release|Any CPU
		{517F4910-1C8A-4554-8524-7A565B5CB811}.Release|Any CPU.Build.0 = Release|Any CPU
	EndGlobalSection
	GlobalSection(NestedProjects) = preSolution
		{DA382F48-CF12-45C0-8E0D-29DC03A5073D} = {1DF7CF72-EBDA-4F49-8A03-46F71606042D}
		{B41D2EC8-2BD2-4321-8104-109E7E944A8E} = {1DF7CF72-EBDA-4F49-8A03-46F71606042D}
		{8784EEE0-5E1B-456B-9969-0F9A051D157B} = {1DF7CF72-EBDA-4F49-8A03-46F71606042D}
		{DA506729-8C35-4A69-870F-38AB48568ECE} = {1DF7CF72-EBDA-4F49-8A03-46F71606042D}
		{A225F374-E035-428A-BE04-4F7A4B5CCE5F} = {1DF7CF72-EBDA-4F49-8A03-46F71606042D}
		{DA8CF272-B7D3-43EC-8C03-C5D222EB802C} = {1DF7CF72-EBDA-4F49-8A03-46F71606042D}
		{08B5A803-CF23-4EFC-B0AD-504197B0A8EB} = {1F95B569-28EF-471A-AF29-B517B42EDE45}
		{517F4910-1C8A-4554-8524-7A565B5CB811} = {1F95B569-28EF-471A-AF29-B517B42EDE45}
	EndGlobalSection
EndGlobal
